<?xml version="1.0" encoding="utf-8"?>
<Project ToolsVersion="4.0" xmlns="http://schemas.microsoft.com/developer/msbuild/2003">
  <ItemGroup>
    <Filter Include="소스 파일">
      <UniqueIdentifier>{4FC737F1-C7A5-4376-A066-2A32D752A2FF}</UniqueIdentifier>
      <Extensions>cpp;c;cc;cxx;def;odl;idl;hpj;bat;asm;asmx</Extensions>
    </Filter>
    <Filter Include="헤더 파일">
      <UniqueIdentifier>{93995380-89BD-4b04-88EB-625FBE52EBFB}</UniqueIdentifier>
      <Extensions>h;hh;hpp;hxx;hm;inl;inc;ipp;xsd</Extensions>
    </Filter>
    <Filter Include="리소스 파일">
      <UniqueIdentifier>{67DA6AB6-F800-4c08-8B7A-83BB121AAD01}</UniqueIdentifier>
      <Extensions>rc;ico;cur;bmp;dlg;rc2;rct;bin;rgs;gif;jpg;jpeg;jpe;resx;tiff;tif;png;wav;mfcribbon-ms</Extensions>
    </Filter>
    <Filter Include="소스 파일\00.MainUpdate">
      <UniqueIdentifier>{87e531f8-4e9e-44d2-aa97-7c3d507a6adc}</UniqueIdentifier>
    </Filter>
    <Filter Include="소스 파일\01.Object">
      <UniqueIdentifier>{6636b66e-aef0-4433-b893-654ea7217ec0}</UniqueIdentifier>
    </Filter>
    <Filter Include="소스 파일\02.Scene">
      <UniqueIdentifier>{41ebf287-9ccc-4ee6-be48-db17984c4db6}</UniqueIdentifier>
    </Filter>
    <Filter Include="소스 파일\08.Manager">
      <UniqueIdentifier>{ee992d1d-7b3d-4a46-9a0a-ac141be46c2d}</UniqueIdentifier>
    </Filter>
    <Filter Include="소스 파일\08.Manager\SceneManager">
      <UniqueIdentifier>{0bbca72e-4123-4378-b42b-5cc6e0710efc}</UniqueIdentifier>
    </Filter>
    <Filter Include="소스 파일\08.Manager\ObjectManager">
      <UniqueIdentifier>{a1bc6d98-f72a-4d16-96c2-9e89d3fae1d5}</UniqueIdentifier>
    </Filter>
    <Filter Include="소스 파일\01.Object\Monster">
      <UniqueIdentifier>{bc094766-d40a-4a29-a8d5-9d44e6e7f052}</UniqueIdentifier>
    </Filter>
    <Filter Include="소스 파일\01.Object\Player">
      <UniqueIdentifier>{d9779d6d-4763-458b-a36a-d75d47cdb9c8}</UniqueIdentifier>
    </Filter>
    <Filter Include="소스 파일\02.Scene\Logo">
      <UniqueIdentifier>{9d6c4ba8-8eb1-4be7-8726-af332e908bfb}</UniqueIdentifier>
    </Filter>
    <Filter Include="소스 파일\02.Scene\Menu">
      <UniqueIdentifier>{4bce8b47-7ebb-45d0-aa8a-26d1958ffe27}</UniqueIdentifier>
    </Filter>
    <Filter Include="소스 파일\02.Scene\Stage">
      <UniqueIdentifier>{2fdc59c4-557b-4dc4-896f-a053f8899ce9}</UniqueIdentifier>
    </Filter>
    <Filter Include="헤더 파일\Include">
      <UniqueIdentifier>{86966572-a0e0-4404-8069-d6beb39ac9f8}</UniqueIdentifier>
    </Filter>
  </ItemGroup>
  <ItemGroup>
    <ClInclude Include="Headers.h">
      <Filter>헤더 파일</Filter>
    </ClInclude>
    <ClInclude Include="MainUpdate.h">
      <Filter>소스 파일\00.MainUpdate</Filter>
    </ClInclude>
    <ClInclude Include="Object.h">
      <Filter>소스 파일\01.Object</Filter>
    </ClInclude>
    <ClInclude Include="Scene.h">
      <Filter>소스 파일\02.Scene</Filter>
    </ClInclude>
    <ClInclude Include="Monster.h">
      <Filter>소스 파일\01.Object\Monster</Filter>
    </ClInclude>
    <ClInclude Include="Player.h">
      <Filter>소스 파일\01.Object\Player</Filter>
    </ClInclude>
    <ClInclude Include="Logo.h">
      <Filter>소스 파일\02.Scene\Logo</Filter>
    </ClInclude>
    <ClInclude Include="Menu.h">
      <Filter>소스 파일\02.Scene\Menu</Filter>
    </ClInclude>
    <ClInclude Include="Stage.h">
      <Filter>소스 파일\02.Scene\Stage</Filter>
    </ClInclude>
    <ClInclude Include="SceneManager.h">
      <Filter>소스 파일\08.Manager\SceneManager</Filter>
    </ClInclude>
    <ClInclude Include="Enum.h">
      <Filter>헤더 파일\Include</Filter>
    </ClInclude>
    <ClInclude Include="ObjectManager.h">
      <Filter>소스 파일\08.Manager\ObjectManager</Filter>
    </ClInclude>
  </ItemGroup>
  <ItemGroup>
    <ClCompile Include="MainUpdate.cpp">
      <Filter>소스 파일\00.MainUpdate</Filter>
    </ClCompile>
    <ClCompile Include="Object.cpp">
      <Filter>소스 파일\01.Object</Filter>
    </ClCompile>
    <ClCompile Include="Scene.cpp">
      <Filter>소스 파일\02.Scene</Filter>
    </ClCompile>
    <ClCompile Include="Monster.cpp">
      <Filter>소스 파일\01.Object\Monster</Filter>
    </ClCompile>
    <ClCompile Include="Player.cpp">
      <Filter>소스 파일\01.Object\Player</Filter>
    </ClCompile>
    <ClCompile Include="Logo.cpp">
      <Filter>소스 파일\02.Scene\Logo</Filter>
    </ClCompile>
    <ClCompile Include="Menu.cpp">
      <Filter>소스 파일\02.Scene\Menu</Filter>
    </ClCompile>
    <ClCompile Include="Main.cpp">
      <Filter>소스 파일</Filter>
    </ClCompile>
    <ClCompile Include="Stage.cpp">
      <Filter>소스 파일\02.Scene\Stage</Filter>
    </ClCompile>
    <ClCompile Include="SceneManager.cpp">
      <Filter>소스 파일\08.Manager\SceneManager</Filter>
    </ClCompile>
    <ClCompile Include="ObjectManager.cpp">
      <Filter>소스 파일\08.Manager\ObjectManager</Filter>
    </ClCompile>
  </ItemGroup>
</Project>