<?xml version="1.0" encoding="utf-8"?>
<Project ToolsVersion="4.0" xmlns="http://schemas.microsoft.com/developer/msbuild/2003">
  <ItemGroup>
    <Filter Include="Source Files">
      <UniqueIdentifier>{4FC737F1-C7A5-4376-A066-2A32D752A2FF}</UniqueIdentifier>
      <Extensions>cpp;c;cc;cxx;def;odl;idl;hpj;bat;asm;asmx</Extensions>
    </Filter>
    <Filter Include="Header Files">
      <UniqueIdentifier>{93995380-89BD-4b04-88EB-625FBE52EBFB}</UniqueIdentifier>
      <Extensions>h;hh;hpp;hxx;hm;inl;inc;ipp;xsd</Extensions>
    </Filter>
    <Filter Include="Resource Files">
      <UniqueIdentifier>{67DA6AB6-F800-4c08-8B7A-83BB121AAD01}</UniqueIdentifier>
      <Extensions>rc;ico;cur;bmp;dlg;rc2;rct;bin;rgs;gif;jpg;jpeg;jpe;resx;tiff;tif;png;wav;mfcribbon-ms</Extensions>
    </Filter>
    <Filter Include="Source Files\00.MainUpdate">
      <UniqueIdentifier>{ab1d9622-b5d1-4299-87d9-a8cfa53aaa4b}</UniqueIdentifier>
    </Filter>
    <Filter Include="Source Files\01.Object">
      <UniqueIdentifier>{173b717e-3f52-43e2-bbfa-cbc8d0247fa6}</UniqueIdentifier>
    </Filter>
    <Filter Include="Source Files\02.Scene">
      <UniqueIdentifier>{0e6a88fd-a221-48ed-aaf6-d00f64efdfe3}</UniqueIdentifier>
    </Filter>
    <Filter Include="Source Files\08.Manager">
      <UniqueIdentifier>{eff31013-4f94-4311-af47-a6cd9fde646c}</UniqueIdentifier>
    </Filter>
    <Filter Include="Source Files\01.Object\Monster">
      <UniqueIdentifier>{a002534b-8daf-45d1-9b49-d2402e112599}</UniqueIdentifier>
    </Filter>
    <Filter Include="Source Files\01.Object\Player">
      <UniqueIdentifier>{08bdfccd-789c-46af-b5e6-5e064c64508a}</UniqueIdentifier>
    </Filter>
    <Filter Include="Source Files\02.Scene\Logo">
      <UniqueIdentifier>{62437a54-ff62-400e-9302-5b90717e50ce}</UniqueIdentifier>
    </Filter>
    <Filter Include="Source Files\02.Scene\Menu">
      <UniqueIdentifier>{05ec55d9-d932-427c-bb8b-2be9aa35cc8e}</UniqueIdentifier>
    </Filter>
    <Filter Include="Source Files\02.Scene\Stage">
      <UniqueIdentifier>{80f8f0af-c6d2-470f-948d-3c737f7e8ed3}</UniqueIdentifier>
    </Filter>
    <Filter Include="Source Files\08.Manager\SceneManager">
      <UniqueIdentifier>{96e94a76-6f87-45b9-8b67-cb0c8804d79a}</UniqueIdentifier>
    </Filter>
    <Filter Include="Source Files\08.Manager\ObjectManager">
      <UniqueIdentifier>{72ec2162-dfcd-49cf-ae33-e2d704337df0}</UniqueIdentifier>
    </Filter>
    <Filter Include="Source Files\08.Manager\CollisionManager">
      <UniqueIdentifier>{51e085e2-1290-4310-8b8f-e200bdf623ac}</UniqueIdentifier>
    </Filter>
    <Filter Include="Header Files\Include">
      <UniqueIdentifier>{26177089-f324-488f-b493-f81077b4759c}</UniqueIdentifier>
    </Filter>
    <Filter Include="Source Files\08.Manager\ObjectFactory">
      <UniqueIdentifier>{3e312b88-35d6-49ec-8a92-6e8605146b08}</UniqueIdentifier>
    </Filter>
  </ItemGroup>
  <ItemGroup>
    <ClCompile Include="Main.cpp">
      <Filter>Source Files</Filter>
    </ClCompile>
    <ClCompile Include="MainUpdate.cpp">
      <Filter>Source Files\00.MainUpdate</Filter>
    </ClCompile>
    <ClCompile Include="Object.cpp">
      <Filter>Source Files\01.Object</Filter>
    </ClCompile>
    <ClCompile Include="Scene.cpp">
      <Filter>Source Files\02.Scene</Filter>
    </ClCompile>
    <ClCompile Include="Monster.cpp">
      <Filter>Source Files\01.Object\Monster</Filter>
    </ClCompile>
    <ClCompile Include="Player.cpp">
      <Filter>Source Files\01.Object\Player</Filter>
    </ClCompile>
    <ClCompile Include="Logo.cpp">
      <Filter>Source Files\02.Scene\Logo</Filter>
    </ClCompile>
    <ClCompile Include="Menu.cpp">
      <Filter>Source Files\02.Scene\Menu</Filter>
    </ClCompile>
    <ClCompile Include="Stage.cpp">
      <Filter>Source Files\02.Scene\Stage</Filter>
    </ClCompile>
    <ClCompile Include="SceneManager.cpp">
      <Filter>Source Files\08.Manager\SceneManager</Filter>
    </ClCompile>
    <ClCompile Include="ObjectManager.cpp">
      <Filter>Source Files\08.Manager\ObjectManager</Filter>
    </ClCompile>
  </ItemGroup>
  <ItemGroup>
    <ClInclude Include="Headers.h">
      <Filter>Header Files</Filter>
    </ClInclude>
    <ClInclude Include="MainUpdate.h">
      <Filter>Source Files\00.MainUpdate</Filter>
    </ClInclude>
    <ClInclude Include="Object.h">
      <Filter>Source Files\01.Object</Filter>
    </ClInclude>
    <ClInclude Include="Scene.h">
      <Filter>Source Files\02.Scene</Filter>
    </ClInclude>
    <ClInclude Include="Monster.h">
      <Filter>Source Files\01.Object\Monster</Filter>
    </ClInclude>
    <ClInclude Include="Player.h">
      <Filter>Source Files\01.Object\Player</Filter>
    </ClInclude>
    <ClInclude Include="Logo.h">
      <Filter>Source Files\02.Scene\Logo</Filter>
    </ClInclude>
    <ClInclude Include="Menu.h">
      <Filter>Source Files\02.Scene\Menu</Filter>
    </ClInclude>
    <ClInclude Include="Stage.h">
      <Filter>Source Files\02.Scene\Stage</Filter>
    </ClInclude>
    <ClInclude Include="SceneManager.h">
      <Filter>Source Files\08.Manager\SceneManager</Filter>
    </ClInclude>
    <ClInclude Include="Enum.h">
      <Filter>Header Files\Include</Filter>
    </ClInclude>
    <ClInclude Include="Struct.h">
      <Filter>Header Files\Include</Filter>
    </ClInclude>
    <ClInclude Include="ObjectManager.h">
      <Filter>Source Files\08.Manager\ObjectManager</Filter>
    </ClInclude>
    <ClInclude Include="ObjectFactory.h">
      <Filter>Source Files\08.Manager\ObjectFactory</Filter>
    </ClInclude>
    <ClInclude Include="CollisionManager.h">
      <Filter>Source Files\08.Manager\CollisionManager</Filter>
    </ClInclude>
  </ItemGroup>
</Project>